// !$*UTF8*$!
{
	archiveVersion = 1;
	classes = {
	};
	objectVersion = 56;
	objects = {

/* Begin PBXBuildFile section */
		F6ABC7072A26AF14002802EF /* Game.swift in Sources */ = {isa = PBXBuildFile; fileRef = F6ABC7062A26AF14002802EF /* Game.swift */; };
		F6ABC70F2A26B425002802EF /* bullseyeTests.swift in Sources */ = {isa = PBXBuildFile; fileRef = F6ABC70E2A26B425002802EF /* bullseyeTests.swift */; };
		F6ABC7162A26DA03002802EF /* TextViews.swift in Sources */ = {isa = PBXBuildFile; fileRef = F6ABC7152A26DA03002802EF /* TextViews.swift */; };
		F6ADA6E42A28163C00664F3E /* Shapes.swift in Sources */ = {isa = PBXBuildFile; fileRef = F6ADA6E32A28163C00664F3E /* Shapes.swift */; };
		F6ADA6E62A281ACD00664F3E /* RoundedViews.swift in Sources */ = {isa = PBXBuildFile; fileRef = F6ADA6E52A281ACD00664F3E /* RoundedViews.swift */; };
		F6ADA6E82A281FE300664F3E /* BackgroundVIew.swift in Sources */ = {isa = PBXBuildFile; fileRef = F6ADA6E72A281FE300664F3E /* BackgroundVIew.swift */; };
		F6C381AA2A266ACC0030B373 /* bullseyeApp.swift in Sources */ = {isa = PBXBuildFile; fileRef = F6C381A92A266ACC0030B373 /* bullseyeApp.swift */; };
		F6C381AC2A266ACC0030B373 /* ContentView.swift in Sources */ = {isa = PBXBuildFile; fileRef = F6C381AB2A266ACC0030B373 /* ContentView.swift */; };
		F6C381AE2A266ACE0030B373 /* Assets.xcassets in Resources */ = {isa = PBXBuildFile; fileRef = F6C381AD2A266ACE0030B373 /* Assets.xcassets */; };
		F6C381B12A266ACE0030B373 /* Preview Assets.xcassets in Resources */ = {isa = PBXBuildFile; fileRef = F6C381B02A266ACE0030B373 /* Preview Assets.xcassets */; };
/* End PBXBuildFile section */

/* Begin PBXContainerItemProxy section */
		F6ABC7102A26B425002802EF /* PBXContainerItemProxy */ = {
			isa = PBXContainerItemProxy;
			containerPortal = F6C3819E2A266ACC0030B373 /* Project object */;
			proxyType = 1;
			remoteGlobalIDString = F6C381A52A266ACC0030B373;
			remoteInfo = bullseye;
		};
/* End PBXContainerItemProxy section */

/* Begin PBXFileReference section */
		F6ABC7062A26AF14002802EF /* Game.swift */ = {isa = PBXFileReference; lastKnownFileType = sourcecode.swift; path = Game.swift; sourceTree = "<group>"; };
		F6ABC70C2A26B425002802EF /* bullseyeTests.xctest */ = {isa = PBXFileReference; explicitFileType = wrapper.cfbundle; includeInIndex = 0; path = bullseyeTests.xctest; sourceTree = BUILT_PRODUCTS_DIR; };
		F6ABC70E2A26B425002802EF /* bullseyeTests.swift */ = {isa = PBXFileReference; lastKnownFileType = sourcecode.swift; path = bullseyeTests.swift; sourceTree = "<group>"; };
		F6ABC7152A26DA03002802EF /* TextViews.swift */ = {isa = PBXFileReference; lastKnownFileType = sourcecode.swift; path = TextViews.swift; sourceTree = "<group>"; };
		F6ADA6E32A28163C00664F3E /* Shapes.swift */ = {isa = PBXFileReference; lastKnownFileType = sourcecode.swift; path = Shapes.swift; sourceTree = "<group>"; };
		F6ADA6E52A281ACD00664F3E /* RoundedViews.swift */ = {isa = PBXFileReference; lastKnownFileType = sourcecode.swift; path = RoundedViews.swift; sourceTree = "<group>"; };
		F6ADA6E72A281FE300664F3E /* BackgroundVIew.swift */ = {isa = PBXFileReference; lastKnownFileType = sourcecode.swift; path = BackgroundVIew.swift; sourceTree = "<group>"; };
		F6C381A62A266ACC0030B373 /* bullseye.app */ = {isa = PBXFileReference; explicitFileType = wrapper.application; includeInIndex = 0; path = bullseye.app; sourceTree = BUILT_PRODUCTS_DIR; };
		F6C381A92A266ACC0030B373 /* bullseyeApp.swift */ = {isa = PBXFileReference; lastKnownFileType = sourcecode.swift; path = bullseyeApp.swift; sourceTree = "<group>"; };
		F6C381AB2A266ACC0030B373 /* ContentView.swift */ = {isa = PBXFileReference; lastKnownFileType = sourcecode.swift; path = ContentView.swift; sourceTree = "<group>"; };
		F6C381AD2A266ACE0030B373 /* Assets.xcassets */ = {isa = PBXFileReference; lastKnownFileType = folder.assetcatalog; path = Assets.xcassets; sourceTree = "<group>"; };
		F6C381B02A266ACE0030B373 /* Preview Assets.xcassets */ = {isa = PBXFileReference; lastKnownFileType = folder.assetcatalog; path = "Preview Assets.xcassets"; sourceTree = "<group>"; };
/* End PBXFileReference section */

/* Begin PBXFrameworksBuildPhase section */
		F6ABC7092A26B425002802EF /* Frameworks */ = {
			isa = PBXFrameworksBuildPhase;
			buildActionMask = 2147483647;
			files = (
			);
			runOnlyForDeploymentPostprocessing = 0;
		};
		F6C381A32A266ACC0030B373 /* Frameworks */ = {
			isa = PBXFrameworksBuildPhase;
			buildActionMask = 2147483647;
			files = (
			);
			runOnlyForDeploymentPostprocessing = 0;
		};
/* End PBXFrameworksBuildPhase section */

/* Begin PBXGroup section */
		F6ABC7032A26AD6D002802EF /* Models */ = {
			isa = PBXGroup;
			children = (
				F6ABC7062A26AF14002802EF /* Game.swift */,
			);
			path = Models;
			sourceTree = "<group>";
		};
		F6ABC7042A26ADB6002802EF /* Views */ = {
			isa = PBXGroup;
			children = (
				F6C381AB2A266ACC0030B373 /* ContentView.swift */,
				F6ABC7152A26DA03002802EF /* TextViews.swift */,
				F6ADA6E32A28163C00664F3E /* Shapes.swift */,
				F6ADA6E52A281ACD00664F3E /* RoundedViews.swift */,
				F6ADA6E72A281FE300664F3E /* BackgroundVIew.swift */,
			);
			path = Views;
			sourceTree = "<group>";
		};
		F6ABC7052A26ADC8002802EF /* App */ = {
			isa = PBXGroup;
			children = (
				F6C381A92A266ACC0030B373 /* bullseyeApp.swift */,
				F6C381AD2A266ACE0030B373 /* Assets.xcassets */,
			);
			path = App;
			sourceTree = "<group>";
		};
		F6ABC70D2A26B425002802EF /* bullseyeTests */ = {
			isa = PBXGroup;
			children = (
				F6ABC70E2A26B425002802EF /* bullseyeTests.swift */,
			);
			path = bullseyeTests;
			sourceTree = "<group>";
		};
		F6C3819D2A266ACC0030B373 = {
			isa = PBXGroup;
			children = (
				F6C381A82A266ACC0030B373 /* bullseye */,
				F6ABC70D2A26B425002802EF /* bullseyeTests */,
				F6C381A72A266ACC0030B373 /* Products */,
			);
			sourceTree = "<group>";
		};
		F6C381A72A266ACC0030B373 /* Products */ = {
			isa = PBXGroup;
			children = (
				F6C381A62A266ACC0030B373 /* bullseye.app */,
				F6ABC70C2A26B425002802EF /* bullseyeTests.xctest */,
			);
			name = Products;
			sourceTree = "<group>";
		};
		F6C381A82A266ACC0030B373 /* bullseye */ = {
			isa = PBXGroup;
			children = (
				F6ABC7052A26ADC8002802EF /* App */,
				F6ABC7042A26ADB6002802EF /* Views */,
				F6ABC7032A26AD6D002802EF /* Models */,
				F6C381AF2A266ACE0030B373 /* Preview Content */,
			);
			path = bullseye;
			sourceTree = "<group>";
		};
		F6C381AF2A266ACE0030B373 /* Preview Content */ = {
			isa = PBXGroup;
			children = (
				F6C381B02A266ACE0030B373 /* Preview Assets.xcassets */,
			);
			path = "Preview Content";
			sourceTree = "<group>";
		};
/* End PBXGroup section */

/* Begin PBXNativeTarget section */
		F6ABC70B2A26B425002802EF /* bullseyeTests */ = {
			isa = PBXNativeTarget;
			buildConfigurationList = F6ABC7122A26B425002802EF /* Build configuration list for PBXNativeTarget "bullseyeTests" */;
			buildPhases = (
				F6ABC7082A26B425002802EF /* Sources */,
				F6ABC7092A26B425002802EF /* Frameworks */,
				F6ABC70A2A26B425002802EF /* Resources */,
			);
			buildRules = (
			);
			dependencies = (
				F6ABC7112A26B425002802EF /* PBXTargetDependency */,
			);
			name = bullseyeTests;
			productName = bullseyeTests;
			productReference = F6ABC70C2A26B425002802EF /* bullseyeTests.xctest */;
			productType = "com.apple.product-type.bundle.unit-test";
		};
		F6C381A52A266ACC0030B373 /* bullseye */ = {
			isa = PBXNativeTarget;
			buildConfigurationList = F6C381B42A266ACE0030B373 /* Build configuration list for PBXNativeTarget "bullseye" */;
			buildPhases = (
				F6C381A22A266ACC0030B373 /* Sources */,
				F6C381A32A266ACC0030B373 /* Frameworks */,
				F6C381A42A266ACC0030B373 /* Resources */,
			);
			buildRules = (
			);
			dependencies = (
			);
			name = bullseye;
			productName = bullseye;
			productReference = F6C381A62A266ACC0030B373 /* bullseye.app */;
			productType = "com.apple.product-type.application";
		};
/* End PBXNativeTarget section */

/* Begin PBXProject section */
		F6C3819E2A266ACC0030B373 /* Project object */ = {
			isa = PBXProject;
			attributes = {
				BuildIndependentTargetsInParallel = 1;
				LastSwiftUpdateCheck = 1430;
				LastUpgradeCheck = 1430;
				TargetAttributes = {
					F6ABC70B2A26B425002802EF = {
						CreatedOnToolsVersion = 14.3;
						TestTargetID = F6C381A52A266ACC0030B373;
					};
					F6C381A52A266ACC0030B373 = {
						CreatedOnToolsVersion = 14.3;
					};
				};
			};
			buildConfigurationList = F6C381A12A266ACC0030B373 /* Build configuration list for PBXProject "bullseye" */;
			compatibilityVersion = "Xcode 14.0";
			developmentRegion = en;
			hasScannedForEncodings = 0;
			knownRegions = (
				en,
				Base,
			);
			mainGroup = F6C3819D2A266ACC0030B373;
			productRefGroup = F6C381A72A266ACC0030B373 /* Products */;
			projectDirPath = "";
			projectRoot = "";
			targets = (
				F6C381A52A266ACC0030B373 /* bullseye */,
				F6ABC70B2A26B425002802EF /* bullseyeTests */,
			);
		};
/* End PBXProject section */

/* Begin PBXResourcesBuildPhase section */
		F6ABC70A2A26B425002802EF /* Resources */ = {
			isa = PBXResourcesBuildPhase;
			buildActionMask = 2147483647;
			files = (
			);
			runOnlyForDeploymentPostprocessing = 0;
		};
		F6C381A42A266ACC0030B373 /* Resources */ = {
			isa = PBXResourcesBuildPhase;
			buildActionMask = 2147483647;
			files = (
				F6C381B12A266ACE0030B373 /* Preview Assets.xcassets in Resources */,
				F6C381AE2A266ACE0030B373 /* Assets.xcassets in Resources */,
			);
			runOnlyForDeploymentPostprocessing = 0;
		};
/* End PBXResourcesBuildPhase section */

/* Begin PBXSourcesBuildPhase section */
		F6ABC7082A26B425002802EF /* Sources */ = {
			isa = PBXSourcesBuildPhase;
			buildActionMask = 2147483647;
			files = (
				F6ABC70F2A26B425002802EF /* bullseyeTests.swift in Sources */,
			);
			runOnlyForDeploymentPostprocessing = 0;
		};
		F6C381A22A266ACC0030B373 /* Sources */ = {
			isa = PBXSourcesBuildPhase;
			buildActionMask = 2147483647;
			files = (
				F6ADA6E82A281FE300664F3E /* BackgroundVIew.swift in Sources */,
				F6ADA6E62A281ACD00664F3E /* RoundedViews.swift in Sources */,
				F6C381AC2A266ACC0030B373 /* ContentView.swift in Sources */,
				F6ABC7162A26DA03002802EF /* TextViews.swift in Sources */,
				F6ADA6E42A28163C00664F3E /* Shapes.swift in Sources */,
				F6ABC7072A26AF14002802EF /* Game.swift in Sources */,
				F6C381AA2A266ACC0030B373 /* bullseyeApp.swift in Sources */,
			);
			runOnlyForDeploymentPostprocessing = 0;
		};
/* End PBXSourcesBuildPhase section */

/* Begin PBXTargetDependency section */
		F6ABC7112A26B425002802EF /* PBXTargetDependency */ = {
			isa = PBXTargetDependency;
			target = F6C381A52A266ACC0030B373 /* bullseye */;
			targetProxy = F6ABC7102A26B425002802EF /* PBXContainerItemProxy */;
		};
/* End PBXTargetDependency section */

/* Begin XCBuildConfiguration section */
		F6ABC7132A26B425002802EF /* Debug */ = {
			isa = XCBuildConfiguration;
			buildSettings = {
				BUNDLE_LOADER = "$(TEST_HOST)";
				CODE_SIGN_STYLE = Automatic;
				CURRENT_PROJECT_VERSION = 1;
				GENERATE_INFOPLIST_FILE = YES;
				IPHONEOS_DEPLOYMENT_TARGET = 16.4;
				MACOSX_DEPLOYMENT_TARGET = 13.3;
				MARKETING_VERSION = 1.0;
				PRODUCT_BUNDLE_IDENTIFIER = com.bullseyeTests;
				PRODUCT_NAME = "$(TARGET_NAME)";
				SDKROOT = auto;
				SUPPORTED_PLATFORMS = "iphoneos iphonesimulator macosx";
				SWIFT_EMIT_LOC_STRINGS = NO;
				SWIFT_VERSION = 5.0;
				TARGETED_DEVICE_FAMILY = "1,2";
				TEST_HOST = "$(BUILT_PRODUCTS_DIR)/bullseye.app/$(BUNDLE_EXECUTABLE_FOLDER_PATH)/bullseye";
			};
			name = Debug;
		};
		F6ABC7142A26B425002802EF /* Release */ = {
			isa = XCBuildConfiguration;
			buildSettings = {
				BUNDLE_LOADER = "$(TEST_HOST)";
				CODE_SIGN_STYLE = Automatic;
				CURRENT_PROJECT_VERSION = 1;
				GENERATE_INFOPLIST_FILE = YES;
				IPHONEOS_DEPLOYMENT_TARGET = 16.4;
				MACOSX_DEPLOYMENT_TARGET = 13.3;
				MARKETING_VERSION = 1.0;
				PRODUCT_BUNDLE_IDENTIFIER = com.bullseyeTests;
				PRODUCT_NAME = "$(TARGET_NAME)";
				SDKROOT = auto;
				SUPPORTED_PLATFORMS = "iphoneos iphonesimulator macosx";
				SWIFT_EMIT_LOC_STRINGS = NO;
				SWIFT_VERSION = 5.0;
				TARGETED_DEVICE_FAMILY = "1,2";
				TEST_HOST = "$(BUILT_PRODUCTS_DIR)/bullseye.app/$(BUNDLE_EXECUTABLE_FOLDER_PATH)/bullseye";
			};
			name = Release;
		};
		F6C381B22A266ACE0030B373 /* Debug */ = {
			isa = XCBuildConfiguration;
			buildSettings = {
				ALWAYS_SEARCH_USER_PATHS = NO;
				CLANG_ANALYZER_NONNULL = YES;
				CLANG_ANALYZER_NUMBER_OBJECT_CONVERSION = YES_AGGRESSIVE;
				CLANG_CXX_LANGUAGE_STANDARD = "gnu++20";
				CLANG_ENABLE_MODULES = YES;
				CLANG_ENABLE_OBJC_ARC = YES;
				CLANG_ENABLE_OBJC_WEAK = YES;
				CLANG_WARN_BLOCK_CAPTURE_AUTORELEASING = YES;
				CLANG_WARN_BOOL_CONVERSION = YES;
				CLANG_WARN_COMMA = YES;
				CLANG_WARN_CONSTANT_CONVERSION = YES;
				CLANG_WARN_DEPRECATED_OBJC_IMPLEMENTATIONS = YES;
				CLANG_WARN_DIRECT_OBJC_ISA_USAGE = YES_ERROR;
				CLANG_WARN_DOCUMENTATION_COMMENTS = YES;
				CLANG_WARN_EMPTY_BODY = YES;
				CLANG_WARN_ENUM_CONVERSION = YES;
				CLANG_WARN_INFINITE_RECURSION = YES;
				CLANG_WARN_INT_CONVERSION = YES;
				CLANG_WARN_NON_LITERAL_NULL_CONVERSION = YES;
				CLANG_WARN_OBJC_IMPLICIT_RETAIN_SELF = YES;
				CLANG_WARN_OBJC_LITERAL_CONVERSION = YES;
				CLANG_WARN_OBJC_ROOT_CLASS = YES_ERROR;
				CLANG_WARN_QUOTED_INCLUDE_IN_FRAMEWORK_HEADER = YES;
				CLANG_WARN_RANGE_LOOP_ANALYSIS = YES;
				CLANG_WARN_STRICT_PROTOTYPES = YES;
				CLANG_WARN_SUSPICIOUS_MOVE = YES;
				CLANG_WARN_UNGUARDED_AVAILABILITY = YES_AGGRESSIVE;
				CLANG_WARN_UNREACHABLE_CODE = YES;
				CLANG_WARN__DUPLICATE_METHOD_MATCH = YES;
				COPY_PHASE_STRIP = NO;
				DEBUG_INFORMATION_FORMAT = dwarf;
				ENABLE_STRICT_OBJC_MSGSEND = YES;
				ENABLE_TESTABILITY = YES;
				GCC_C_LANGUAGE_STANDARD = gnu11;
				GCC_DYNAMIC_NO_PIC = NO;
				GCC_NO_COMMON_BLOCKS = YES;
				GCC_OPTIMIZATION_LEVEL = 0;
				GCC_PREPROCESSOR_DEFINITIONS = (
					"DEBUG=1",
					"$(inherited)",
				);
				GCC_WARN_64_TO_32_BIT_CONVERSION = YES;
				GCC_WARN_ABOUT_RETURN_TYPE = YES_ERROR;
				GCC_WARN_UNDECLARED_SELECTOR = YES;
				GCC_WARN_UNINITIALIZED_AUTOS = YES_AGGRESSIVE;
				GCC_WARN_UNUSED_FUNCTION = YES;
				GCC_WARN_UNUSED_VARIABLE = YES;
				IPHONEOS_DEPLOYMENT_TARGET = 16.4;
				MTL_ENABLE_DEBUG_INFO = INCLUDE_SOURCE;
				MTL_FAST_MATH = YES;
				ONLY_ACTIVE_ARCH = YES;
				SDKROOT = iphoneos;
				SWIFT_ACTIVE_COMPILATION_CONDITIONS = DEBUG;
				SWIFT_OPTIMIZATION_LEVEL = "-Onone";
			};
			name = Debug;
		};
		F6C381B32A266ACE0030B373 /* Release */ = {
			isa = XCBuildConfiguration;
			buildSettings = {
				ALWAYS_SEARCH_USER_PATHS = NO;
				CLANG_ANALYZER_NONNULL = YES;
				CLANG_ANALYZER_NUMBER_OBJECT_CONVERSION = YES_AGGRESSIVE;
				CLANG_CXX_LANGUAGE_STANDARD = "gnu++20";
				CLANG_ENABLE_MODULES = YES;
				CLANG_ENABLE_OBJC_ARC = YES;
				CLANG_ENABLE_OBJC_WEAK = YES;
				CLANG_WARN_BLOCK_CAPTURE_AUTORELEASING = YES;
				CLANG_WARN_BOOL_CONVERSION = YES;
				CLANG_WARN_COMMA = YES;
				CLANG_WARN_CONSTANT_CONVERSION = YES;
				CLANG_WARN_DEPRECATED_OBJC_IMPLEMENTATIONS = YES;
				CLANG_WARN_DIRECT_OBJC_ISA_USAGE = YES_ERROR;
				CLANG_WARN_DOCUMENTATION_COMMENTS = YES;
				CLANG_WARN_EMPTY_BODY = YES;
				CLANG_WARN_ENUM_CONVERSION = YES;
				CLANG_WARN_INFINITE_RECURSION = YES;
				CLANG_WARN_INT_CONVERSION = YES;
				CLANG_WARN_NON_LITERAL_NULL_CONVERSION = YES;
				CLANG_WARN_OBJC_IMPLICIT_RETAIN_SELF = YES;
				CLANG_WARN_OBJC_LITERAL_CONVERSION = YES;
				CLANG_WARN_OBJC_ROOT_CLASS = YES_ERROR;
				CLANG_WARN_QUOTED_INCLUDE_IN_FRAMEWORK_HEADER = YES;
				CLANG_WARN_RANGE_LOOP_ANALYSIS = YES;
				CLANG_WARN_STRICT_PROTOTYPES = YES;
				CLANG_WARN_SUSPICIOUS_MOVE = YES;
				CLANG_WARN_UNGUARDED_AVAILABILITY = YES_AGGRESSIVE;
				CLANG_WARN_UNREACHABLE_CODE = YES;
				CLANG_WARN__DUPLICATE_METHOD_MATCH = YES;
				COPY_PHASE_STRIP = NO;
				DEBUG_INFORMATION_FORMAT = "dwarf-with-dsym";
				ENABLE_NS_ASSERTIONS = NO;
				ENABLE_STRICT_OBJC_MSGSEND = YES;
				GCC_C_LANGUAGE_STANDARD = gnu11;
				GCC_NO_COMMON_BLOCKS = YES;
				GCC_WARN_64_TO_32_BIT_CONVERSION = YES;
				GCC_WARN_ABOUT_RETURN_TYPE = YES_ERROR;
				GCC_WARN_UNDECLARED_SELECTOR = YES;
				GCC_WARN_UNINITIALIZED_AUTOS = YES_AGGRESSIVE;
				GCC_WARN_UNUSED_FUNCTION = YES;
				GCC_WARN_UNUSED_VARIABLE = YES;
				IPHONEOS_DEPLOYMENT_TARGET = 16.4;
				MTL_ENABLE_DEBUG_INFO = NO;
				MTL_FAST_MATH = YES;
				SDKROOT = iphoneos;
				SWIFT_COMPILATION_MODE = wholemodule;
				SWIFT_OPTIMIZATION_LEVEL = "-O";
				VALIDATE_PRODUCT = YES;
			};
			name = Release;
		};
		F6C381B52A266ACE0030B373 /* Debug */ = {
			isa = XCBuildConfiguration;
			buildSettings = {
				ASSETCATALOG_COMPILER_APPICON_NAME = AppIcon;
				ASSETCATALOG_COMPILER_GLOBAL_ACCENT_COLOR_NAME = AccentColor;
				CODE_SIGN_STYLE = Automatic;
				CURRENT_PROJECT_VERSION = 1;
				DEVELOPMENT_ASSET_PATHS = "\"bullseye/Preview Content\"";
				ENABLE_PREVIEWS = YES;
				GENERATE_INFOPLIST_FILE = YES;
				INFOPLIST_KEY_UIApplicationSceneManifest_Generation = YES;
				INFOPLIST_KEY_UIApplicationSupportsIndirectInputEvents = YES;
				INFOPLIST_KEY_UILaunchScreen_Generation = YES;
				INFOPLIST_KEY_UISupportedInterfaceOrientations_iPad = "UIInterfaceOrientationPortrait UIInterfaceOrientationPortraitUpsideDown UIInterfaceOrientationLandscapeLeft UIInterfaceOrientationLandscapeRight";
				INFOPLIST_KEY_UISupportedInterfaceOrientations_iPhone = "UIInterfaceOrientationPortrait UIInterfaceOrientationLandscapeLeft UIInterfaceOrientationLandscapeRight";
				LD_RUNPATH_SEARCH_PATHS = (
					"$(inherited)",
					"@executable_path/Frameworks",
				);
				MARKETING_VERSION = 1.0;
				PRODUCT_BUNDLE_IDENTIFIER = com.bullseye;
				PRODUCT_NAME = "$(TARGET_NAME)";
				SWIFT_EMIT_LOC_STRINGS = YES;
				SWIFT_VERSION = 5.0;
				TARGETED_DEVICE_FAMILY = "1,2";
			};
			name = Debug;
		};
		F6C381B62A266ACE0030B373 /* Release */ = {
			isa = XCBuildConfiguration;
			buildSettings = {
				ASSETCATALOG_COMPILER_APPICON_NAME = AppIcon;
				ASSETCATALOG_COMPILER_GLOBAL_ACCENT_COLOR_NAME = AccentColor;
				CODE_SIGN_STYLE = Automatic;
				CURRENT_PROJECT_VERSION = 1;
				DEVELOPMENT_ASSET_PATHS = "\"bullseye/Preview Content\"";
				ENABLE_PREVIEWS = YES;
				GENERATE_INFOPLIST_FILE = YES;
				INFOPLIST_KEY_UIApplicationSceneManifest_Generation = YES;
				INFOPLIST_KEY_UIApplicationSupportsIndirectInputEvents = YES;
				INFOPLIST_KEY_UILaunchScreen_Generation = YES;
				INFOPLIST_KEY_UISupportedInterfaceOrientations_iPad = "UIInterfaceOrientationPortrait UIInterfaceOrientationPortraitUpsideDown UIInterfaceOrientationLandscapeLeft UIInterfaceOrientationLandscapeRight";
				INFOPLIST_KEY_UISupportedInterfaceOrientations_iPhone = "UIInterfaceOrientationPortrait UIInterfaceOrientationLandscapeLeft UIInterfaceOrientationLandscapeRight";
				LD_RUNPATH_SEARCH_PATHS = (
					"$(inherited)",
					"@executable_path/Frameworks",
				);
				MARKETING_VERSION = 1.0;
				PRODUCT_BUNDLE_IDENTIFIER = com.bullseye;
				PRODUCT_NAME = "$(TARGET_NAME)";
				SWIFT_EMIT_LOC_STRINGS = YES;
				SWIFT_VERSION = 5.0;
				TARGETED_DEVICE_FAMILY = "1,2";
			};
			name = Release;
		};
/* End XCBuildConfiguration section */

/* Begin XCConfigurationList section */
		F6ABC7122A26B425002802EF /* Build configuration list for PBXNativeTarget "bullseyeTests" */ = {
			isa = XCConfigurationList;
			buildConfigurations = (
				F6ABC7132A26B425002802EF /* Debug */,
				F6ABC7142A26B425002802EF /* Release */,
			);
			defaultConfigurationIsVisible = 0;
			defaultConfigurationName = Release;
		};
		F6C381A12A266ACC0030B373 /* Build configuration list for PBXProject "bullseye" */ = {
			isa = XCConfigurationList;
			buildConfigurations = (
				F6C381B22A266ACE0030B373 /* Debug */,
				F6C381B32A266ACE0030B373 /* Release */,
			);
			defaultConfigurationIsVisible = 0;
			defaultConfigurationName = Release;
		};
		F6C381B42A266ACE0030B373 /* Build configuration list for PBXNativeTarget "bullseye" */ = {
			isa = XCConfigurationList;
			buildConfigurations = (
				F6C381B52A266ACE0030B373 /* Debug */,
				F6C381B62A266ACE0030B373 /* Release */,
			);
			defaultConfigurationIsVisible = 0;
			defaultConfigurationName = Release;
		};
/* End XCConfigurationList section */
	};
	rootObject = F6C3819E2A266ACC0030B373 /* Project object */;
}
